{
  "name": "cleomacs",
  "requires": true,
  "lockfileVersion": 1,
  "dependencies": {
    "@prisma/prisma-fmt-wasm": {
      "version": "3.7.0-31.8746e055198f517658c08a0c426c7eec87f5a85f",
      "resolved": "https://registry.npmjs.org/@prisma/prisma-fmt-wasm/-/prisma-fmt-wasm-3.7.0-31.8746e055198f517658c08a0c426c7eec87f5a85f.tgz",
      "integrity": "sha512-hwd3R0CYseBPx9RM20tcIqukBfd0wffLtqXq+FHEv2HeDlH2y1bvnXDAbn9Z+8t8Wqsj1hBDwEYLeYkvh6d19g==",
      "dev": true
    },
    "prettier": {
      "version": "2.5.1",
      "resolved": "https://registry.npmjs.org/prettier/-/prettier-2.5.1.tgz",
      "integrity": "sha512-vBZcPRUR5MZJwoyi3ZoyQlc1rXeEck8KgeC9AwwOn+exuxLxq5toTRDTSaVrXHxelDMHy9zlicw8u66yxoSUFg==",
      "dev": true
    },
    "prettier-plugin-prisma": {
      "version": "3.7.0",
      "resolved": "https://registry.npmjs.org/prettier-plugin-prisma/-/prettier-plugin-prisma-3.7.0.tgz",
      "integrity": "sha512-WN5fMEY7yWp7XfkQrzjY0WpHMBnfwzx/Quwm2wwm4BJErBlCtbMSP6mDelTpg4BQhHTAuGos+EGZsTlnLxORuw==",
      "dev": true,
      "requires": {
        "@prisma/prisma-fmt-wasm": "3.7.0-31.8746e055198f517658c08a0c426c7eec87f5a85f"
      }
    }
  }
}
